
Microsoft Visual Studio Solution File, Format Version 12.00
# Visual Studio Version 17
VisualStudioVersion = 17.6.33801.468
MinimumVisualStudioVersion = 10.0.40219.1
Project("{FAE04EC0-301F-11D3-BF4B-00C04F79EFBC}") = "ConsoleApp1", "ConsoleApp1.csproj", "{AF86CB81-B378-4EB8-9B33-A2501E711C1E}"
EndProject
Global
	GlobalSection(SolutionConfigurationPlatforms) = preSolution
		Debug|Any CPU = Debug|Any CPU
		Release|Any CPU = Release|Any CPU
	EndGlobalSection
	GlobalSection(ProjectConfigurationPlatforms) = postSolution
		{AF86CB81-B378-4EB8-9B33-A2501E711C1E}.Debug|Any CPU.ActiveCfg = Debug|Any CPU
		{AF86CB81-B378-4EB8-9B33-A2501E711C1E}.Debug|Any CPU.Build.0 = Debug|Any CPU
		{AF86CB81-B378-4EB8-9B33-A2501E711C1E}.Release|Any CPU.ActiveCfg = Release|Any CPU
		{AF86CB81-B378-4EB8-9B33-A2501E711C1E}.Release|Any CPU.Build.0 = Release|Any CPU
	EndGlobalSection
	GlobalSection(SolutionProperties) = preSolution
		HideSolutionNode = FALSE
	EndGlobalSection
	GlobalSection(ExtensibilityGlobals) = postSolution
		SolutionGuid = {85E32256-4F44-46A0-BCC8-19D963F98A61}
	EndGlobalSection
EndGlobal
